// !$*UTF8*$!
{
	archiveVersion = 1;
	classes = {
	};
	objectVersion = 56;
	objects = {

/* Begin PBXBuildFile section */
		043902862CE717C100CED386 /* AppDelegate.swift in Sources */ = {isa = PBXBuildFile; fileRef = 043902852CE717C100CED386 /* AppDelegate.swift */; };
		043902882CE717C100CED386 /* SceneDelegate.swift in Sources */ = {isa = PBXBuildFile; fileRef = 043902872CE717C100CED386 /* SceneDelegate.swift */; };
		0439028A2CE717C100CED386 /* ViewController.swift in Sources */ = {isa = PBXBuildFile; fileRef = 043902892CE717C100CED386 /* ViewController.swift */; };
		0439028D2CE717C100CED386 /* Main.storyboard in Resources */ = {isa = PBXBuildFile; fileRef = 0439028B2CE717C100CED386 /* Main.storyboard */; };
		0439028F2CE717C400CED386 /* Assets.xcassets in Resources */ = {isa = PBXBuildFile; fileRef = 0439028E2CE717C400CED386 /* Assets.xcassets */; };
		043902922CE717C400CED386 /* LaunchScreen.storyboard in Resources */ = {isa = PBXBuildFile; fileRef = 043902902CE717C400CED386 /* LaunchScreen.storyboard */; };
		0439029D2CE717C500CED386 /* SPWeatherAppTests.swift in Sources */ = {isa = PBXBuildFile; fileRef = 0439029C2CE717C500CED386 /* SPWeatherAppTests.swift */; };
		043902A72CE717C500CED386 /* SPWeatherAppUITests.swift in Sources */ = {isa = PBXBuildFile; fileRef = 043902A62CE717C500CED386 /* SPWeatherAppUITests.swift */; };
		043902A92CE717C500CED386 /* SPWeatherAppUITestsLaunchTests.swift in Sources */ = {isa = PBXBuildFile; fileRef = 043902A82CE717C500CED386 /* SPWeatherAppUITestsLaunchTests.swift */; };
/* End PBXBuildFile section */

/* Begin PBXContainerItemProxy section */
		043902992CE717C500CED386 /* PBXContainerItemProxy */ = {
			isa = PBXContainerItemProxy;
			containerPortal = 0439027A2CE717C100CED386 /* Project object */;
			proxyType = 1;
			remoteGlobalIDString = 043902812CE717C100CED386;
			remoteInfo = SPWeatherApp;
		};
		043902A32CE717C500CED386 /* PBXContainerItemProxy */ = {
			isa = PBXContainerItemProxy;
			containerPortal = 0439027A2CE717C100CED386 /* Project object */;
			proxyType = 1;
			remoteGlobalIDString = 043902812CE717C100CED386;
			remoteInfo = SPWeatherApp;
		};
/* End PBXContainerItemProxy section */

/* Begin PBXFileReference section */
		043902822CE717C100CED386 /* SPWeatherApp.app */ = {isa = PBXFileReference; explicitFileType = wrapper.application; includeInIndex = 0; path = SPWeatherApp.app; sourceTree = BUILT_PRODUCTS_DIR; };
		043902852CE717C100CED386 /* AppDelegate.swift */ = {isa = PBXFileReference; lastKnownFileType = sourcecode.swift; path = AppDelegate.swift; sourceTree = "<group>"; };
		043902872CE717C100CED386 /* SceneDelegate.swift */ = {isa = PBXFileReference; lastKnownFileType = sourcecode.swift; path = SceneDelegate.swift; sourceTree = "<group>"; };
		043902892CE717C100CED386 /* ViewController.swift */ = {isa = PBXFileReference; lastKnownFileType = sourcecode.swift; path = ViewController.swift; sourceTree = "<group>"; };
		0439028C2CE717C100CED386 /* Base */ = {isa = PBXFileReference; lastKnownFileType = file.storyboard; name = Base; path = Base.lproj/Main.storyboard; sourceTree = "<group>"; };
		0439028E2CE717C400CED386 /* Assets.xcassets */ = {isa = PBXFileReference; lastKnownFileType = folder.assetcatalog; path = Assets.xcassets; sourceTree = "<group>"; };
		043902912CE717C400CED386 /* Base */ = {isa = PBXFileReference; lastKnownFileType = file.storyboard; name = Base; path = Base.lproj/LaunchScreen.storyboard; sourceTree = "<group>"; };
		043902932CE717C400CED386 /* Info.plist */ = {isa = PBXFileReference; lastKnownFileType = text.plist.xml; path = Info.plist; sourceTree = "<group>"; };
		043902982CE717C500CED386 /* SPWeatherAppTests.xctest */ = {isa = PBXFileReference; explicitFileType = wrapper.cfbundle; includeInIndex = 0; path = SPWeatherAppTests.xctest; sourceTree = BUILT_PRODUCTS_DIR; };
		0439029C2CE717C500CED386 /* SPWeatherAppTests.swift */ = {isa = PBXFileReference; lastKnownFileType = sourcecode.swift; path = SPWeatherAppTests.swift; sourceTree = "<group>"; };
		043902A22CE717C500CED386 /* SPWeatherAppUITests.xctest */ = {isa = PBXFileReference; explicitFileType = wrapper.cfbundle; includeInIndex = 0; path = SPWeatherAppUITests.xctest; sourceTree = BUILT_PRODUCTS_DIR; };
		043902A62CE717C500CED386 /* SPWeatherAppUITests.swift */ = {isa = PBXFileReference; lastKnownFileType = sourcecode.swift; path = SPWeatherAppUITests.swift; sourceTree = "<group>"; };
		043902A82CE717C500CED386 /* SPWeatherAppUITestsLaunchTests.swift */ = {isa = PBXFileReference; lastKnownFileType = sourcecode.swift; path = SPWeatherAppUITestsLaunchTests.swift; sourceTree = "<group>"; };
/* End PBXFileReference section */

/* Begin PBXFrameworksBuildPhase section */
		0439027F2CE717C100CED386 /* Frameworks */ = {
			isa = PBXFrameworksBuildPhase;
			buildActionMask = 2147483647;
			files = (
			);
			runOnlyForDeploymentPostprocessing = 0;
		};
		043902952CE717C500CED386 /* Frameworks */ = {
			isa = PBXFrameworksBuildPhase;
			buildActionMask = 2147483647;
			files = (
			);
			runOnlyForDeploymentPostprocessing = 0;
		};
		0439029F2CE717C500CED386 /* Frameworks */ = {
			isa = PBXFrameworksBuildPhase;
			buildActionMask = 2147483647;
			files = (
			);
			runOnlyForDeploymentPostprocessing = 0;
		};
/* End PBXFrameworksBuildPhase section */

/* Begin PBXGroup section */
		043902792CE717C100CED386 = {
			isa = PBXGroup;
			children = (
				043902842CE717C100CED386 /* SPWeatherApp */,
				0439029B2CE717C500CED386 /* SPWeatherAppTests */,
				043902A52CE717C500CED386 /* SPWeatherAppUITests */,
				043902832CE717C100CED386 /* Products */,
			);
			sourceTree = "<group>";
		};
		043902832CE717C100CED386 /* Products */ = {
			isa = PBXGroup;
			children = (
				043902822CE717C100CED386 /* SPWeatherApp.app */,
				043902982CE717C500CED386 /* SPWeatherAppTests.xctest */,
				043902A22CE717C500CED386 /* SPWeatherAppUITests.xctest */,
			);
			name = Products;
			sourceTree = "<group>";
		};
		043902842CE717C100CED386 /* SPWeatherApp */ = {
			isa = PBXGroup;
			children = (
				043902852CE717C100CED386 /* AppDelegate.swift */,
				043902872CE717C100CED386 /* SceneDelegate.swift */,
				043902892CE717C100CED386 /* ViewController.swift */,
				0439028B2CE717C100CED386 /* Main.storyboard */,
				0439028E2CE717C400CED386 /* Assets.xcassets */,
				043902902CE717C400CED386 /* LaunchScreen.storyboard */,
				043902932CE717C400CED386 /* Info.plist */,
			);
			path = SPWeatherApp;
			sourceTree = "<group>";
		};
		0439029B2CE717C500CED386 /* SPWeatherAppTests */ = {
			isa = PBXGroup;
			children = (
				0439029C2CE717C500CED386 /* SPWeatherAppTests.swift */,
			);
			path = SPWeatherAppTests;
			sourceTree = "<group>";
		};
		043902A52CE717C500CED386 /* SPWeatherAppUITests */ = {
			isa = PBXGroup;
			children = (
				043902A62CE717C500CED386 /* SPWeatherAppUITests.swift */,
				043902A82CE717C500CED386 /* SPWeatherAppUITestsLaunchTests.swift */,
			);
			path = SPWeatherAppUITests;
			sourceTree = "<group>";
		};
/* End PBXGroup section */

/* Begin PBXNativeTarget section */
		043902812CE717C100CED386 /* SPWeatherApp */ = {
			isa = PBXNativeTarget;
			buildConfigurationList = 043902AC2CE717C500CED386 /* Build configuration list for PBXNativeTarget "SPWeatherApp" */;
			buildPhases = (
				0439027E2CE717C100CED386 /* Sources */,
				0439027F2CE717C100CED386 /* Frameworks */,
				043902802CE717C100CED386 /* Resources */,
			);
			buildRules = (
			);
			dependencies = (
			);
			name = SPWeatherApp;
			productName = SPWeatherApp;
			productReference = 043902822CE717C100CED386 /* SPWeatherApp.app */;
			productType = "com.apple.product-type.application";
		};
		043902972CE717C500CED386 /* SPWeatherAppTests */ = {
			isa = PBXNativeTarget;
			buildConfigurationList = 043902AF2CE717C500CED386 /* Build configuration list for PBXNativeTarget "SPWeatherAppTests" */;
			buildPhases = (
				043902942CE717C500CED386 /* Sources */,
				043902952CE717C500CED386 /* Frameworks */,
				043902962CE717C500CED386 /* Resources */,
			);
			buildRules = (
			);
			dependencies = (
				0439029A2CE717C500CED386 /* PBXTargetDependency */,
			);
			name = SPWeatherAppTests;
			productName = SPWeatherAppTests;
			productReference = 043902982CE717C500CED386 /* SPWeatherAppTests.xctest */;
			productType = "com.apple.product-type.bundle.unit-test";
		};
		043902A12CE717C500CED386 /* SPWeatherAppUITests */ = {
			isa = PBXNativeTarget;
			buildConfigurationList = 043902B22CE717C500CED386 /* Build configuration list for PBXNativeTarget "SPWeatherAppUITests" */;
			buildPhases = (
				0439029E2CE717C500CED386 /* Sources */,
				0439029F2CE717C500CED386 /* Frameworks */,
				043902A02CE717C500CED386 /* Resources */,
			);
			buildRules = (
			);
			dependencies = (
				043902A42CE717C500CED386 /* PBXTargetDependency */,
			);
			name = SPWeatherAppUITests;
			productName = SPWeatherAppUITests;
			productReference = 043902A22CE717C500CED386 /* SPWeatherAppUITests.xctest */;
			productType = "com.apple.product-type.bundle.ui-testing";
		};
/* End PBXNativeTarget section */

/* Begin PBXProject section */
		0439027A2CE717C100CED386 /* Project object */ = {
			isa = PBXProject;
			attributes = {
				BuildIndependentTargetsInParallel = 1;
				LastSwiftUpdateCheck = 1520;
				LastUpgradeCheck = 1520;
				TargetAttributes = {
					043902812CE717C100CED386 = {
						CreatedOnToolsVersion = 15.2;
					};
					043902972CE717C500CED386 = {
						CreatedOnToolsVersion = 15.2;
						TestTargetID = 043902812CE717C100CED386;
					};
					043902A12CE717C500CED386 = {
						CreatedOnToolsVersion = 15.2;
						TestTargetID = 043902812CE717C100CED386;
					};
				};
			};
			buildConfigurationList = 0439027D2CE717C100CED386 /* Build configuration list for PBXProject "SPWeatherApp" */;
			compatibilityVersion = "Xcode 14.0";
			developmentRegion = en;
			hasScannedForEncodings = 0;
			knownRegions = (
				en,
				Base,
			);
			mainGroup = 043902792CE717C100CED386;
			productRefGroup = 043902832CE717C100CED386 /* Products */;
			projectDirPath = "";
			projectRoot = "";
			targets = (
				043902812CE717C100CED386 /* SPWeatherApp */,
				043902972CE717C500CED386 /* SPWeatherAppTests */,
				043902A12CE717C500CED386 /* SPWeatherAppUITests */,
			);
		};
/* End PBXProject section */

/* Begin PBXResourcesBuildPhase section */
		043902802CE717C100CED386 /* Resources */ = {
			isa = PBXResourcesBuildPhase;
			buildActionMask = 2147483647;
			files = (
				043902922CE717C400CED386 /* LaunchScreen.storyboard in Resources */,
				0439028F2CE717C400CED386 /* Assets.xcassets in Resources */,
				0439028D2CE717C100CED386 /* Main.storyboard in Resources */,
			);
			runOnlyForDeploymentPostprocessing = 0;
		};
		043902962CE717C500CED386 /* Resources */ = {
			isa = PBXResourcesBuildPhase;
			buildActionMask = 2147483647;
			files = (
			);
			runOnlyForDeploymentPostprocessing = 0;
		};
		043902A02CE717C500CED386 /* Resources */ = {
			isa = PBXResourcesBuildPhase;
			buildActionMask = 2147483647;
			files = (
			);
			runOnlyForDeploymentPostprocessing = 0;
		};
/* End PBXResourcesBuildPhase section */

/* Begin PBXSourcesBuildPhase section */
		0439027E2CE717C100CED386 /* Sources */ = {
			isa = PBXSourcesBuildPhase;
			buildActionMask = 2147483647;
			files = (
				0439028A2CE717C100CED386 /* ViewController.swift in Sources */,
				043902862CE717C100CED386 /* AppDelegate.swift in Sources */,
				043902882CE717C100CED386 /* SceneDelegate.swift in Sources */,
			);
			runOnlyForDeploymentPostprocessing = 0;
		};
		043902942CE717C500CED386 /* Sources */ = {
			isa = PBXSourcesBuildPhase;
			buildActionMask = 2147483647;
			files = (
				0439029D2CE717C500CED386 /* SPWeatherAppTests.swift in Sources */,
			);
			runOnlyForDeploymentPostprocessing = 0;
		};
		0439029E2CE717C500CED386 /* Sources */ = {
			isa = PBXSourcesBuildPhase;
			buildActionMask = 2147483647;
			files = (
				043902A92CE717C500CED386 /* SPWeatherAppUITestsLaunchTests.swift in Sources */,
				043902A72CE717C500CED386 /* SPWeatherAppUITests.swift in Sources */,
			);
			runOnlyForDeploymentPostprocessing = 0;
		};
/* End PBXSourcesBuildPhase section */

/* Begin PBXTargetDependency section */
		0439029A2CE717C500CED386 /* PBXTargetDependency */ = {
			isa = PBXTargetDependency;
			target = 043902812CE717C100CED386 /* SPWeatherApp */;
			targetProxy = 043902992CE717C500CED386 /* PBXContainerItemProxy */;
		};
		043902A42CE717C500CED386 /* PBXTargetDependency */ = {
			isa = PBXTargetDependency;
			target = 043902812CE717C100CED386 /* SPWeatherApp */;
			targetProxy = 043902A32CE717C500CED386 /* PBXContainerItemProxy */;
		};
/* End PBXTargetDependency section */

/* Begin PBXVariantGroup section */
		0439028B2CE717C100CED386 /* Main.storyboard */ = {
			isa = PBXVariantGroup;
			children = (
				0439028C2CE717C100CED386 /* Base */,
			);
			name = Main.storyboard;
			sourceTree = "<group>";
		};
		043902902CE717C400CED386 /* LaunchScreen.storyboard */ = {
			isa = PBXVariantGroup;
			children = (
				043902912CE717C400CED386 /* Base */,
			);
			name = LaunchScreen.storyboard;
			sourceTree = "<group>";
		};
/* End PBXVariantGroup section */

/* Begin XCBuildConfiguration section */
		043902AA2CE717C500CED386 /* Debug */ = {
			isa = XCBuildConfiguration;
			buildSettings = {
				ALWAYS_SEARCH_USER_PATHS = NO;
				ASSETCATALOG_COMPILER_GENERATE_SWIFT_ASSET_SYMBOL_EXTENSIONS = YES;
				CLANG_ANALYZER_NONNULL = YES;
				CLANG_ANALYZER_NUMBER_OBJECT_CONVERSION = YES_AGGRESSIVE;
				CLANG_CXX_LANGUAGE_STANDARD = "gnu++20";
				CLANG_ENABLE_MODULES = YES;
				CLANG_ENABLE_OBJC_ARC = YES;
				CLANG_ENABLE_OBJC_WEAK = YES;
				CLANG_WARN_BLOCK_CAPTURE_AUTORELEASING = YES;
				CLANG_WARN_BOOL_CONVERSION = YES;
				CLANG_WARN_COMMA = YES;
				CLANG_WARN_CONSTANT_CONVERSION = YES;
				CLANG_WARN_DEPRECATED_OBJC_IMPLEMENTATIONS = YES;
				CLANG_WARN_DIRECT_OBJC_ISA_USAGE = YES_ERROR;
				CLANG_WARN_DOCUMENTATION_COMMENTS = YES;
				CLANG_WARN_EMPTY_BODY = YES;
				CLANG_WARN_ENUM_CONVERSION = YES;
				CLANG_WARN_INFINITE_RECURSION = YES;
				CLANG_WARN_INT_CONVERSION = YES;
				CLANG_WARN_NON_LITERAL_NULL_CONVERSION = YES;
				CLANG_WARN_OBJC_IMPLICIT_RETAIN_SELF = YES;
				CLANG_WARN_OBJC_LITERAL_CONVERSION = YES;
				CLANG_WARN_OBJC_ROOT_CLASS = YES_ERROR;
				CLANG_WARN_QUOTED_INCLUDE_IN_FRAMEWORK_HEADER = YES;
				CLANG_WARN_RANGE_LOOP_ANALYSIS = YES;
				CLANG_WARN_STRICT_PROTOTYPES = YES;
				CLANG_WARN_SUSPICIOUS_MOVE = YES;
				CLANG_WARN_UNGUARDED_AVAILABILITY = YES_AGGRESSIVE;
				CLANG_WARN_UNREACHABLE_CODE = YES;
				CLANG_WARN__DUPLICATE_METHOD_MATCH = YES;
				COPY_PHASE_STRIP = NO;
				DEBUG_INFORMATION_FORMAT = dwarf;
				ENABLE_STRICT_OBJC_MSGSEND = YES;
				ENABLE_TESTABILITY = YES;
				ENABLE_USER_SCRIPT_SANDBOXING = YES;
				GCC_C_LANGUAGE_STANDARD = gnu17;
				GCC_DYNAMIC_NO_PIC = NO;
				GCC_NO_COMMON_BLOCKS = YES;
				GCC_OPTIMIZATION_LEVEL = 0;
				GCC_PREPROCESSOR_DEFINITIONS = (
					"DEBUG=1",
					"$(inherited)",
				);
				GCC_WARN_64_TO_32_BIT_CONVERSION = YES;
				GCC_WARN_ABOUT_RETURN_TYPE = YES_ERROR;
				GCC_WARN_UNDECLARED_SELECTOR = YES;
				GCC_WARN_UNINITIALIZED_AUTOS = YES_AGGRESSIVE;
				GCC_WARN_UNUSED_FUNCTION = YES;
				GCC_WARN_UNUSED_VARIABLE = YES;
				IPHONEOS_DEPLOYMENT_TARGET = 17.2;
				LOCALIZATION_PREFERS_STRING_CATALOGS = YES;
				MTL_ENABLE_DEBUG_INFO = INCLUDE_SOURCE;
				MTL_FAST_MATH = YES;
				ONLY_ACTIVE_ARCH = YES;
				SDKROOT = iphoneos;
				SWIFT_ACTIVE_COMPILATION_CONDITIONS = "DEBUG $(inherited)";
				SWIFT_OPTIMIZATION_LEVEL = "-Onone";
			};
			name = Debug;
		};
		043902AB2CE717C500CED386 /* Release */ = {
			isa = XCBuildConfiguration;
			buildSettings = {
				ALWAYS_SEARCH_USER_PATHS = NO;
				ASSETCATALOG_COMPILER_GENERATE_SWIFT_ASSET_SYMBOL_EXTENSIONS = YES;
				CLANG_ANALYZER_NONNULL = YES;
				CLANG_ANALYZER_NUMBER_OBJECT_CONVERSION = YES_AGGRESSIVE;
				CLANG_CXX_LANGUAGE_STANDARD = "gnu++20";
				CLANG_ENABLE_MODULES = YES;
				CLANG_ENABLE_OBJC_ARC = YES;
				CLANG_ENABLE_OBJC_WEAK = YES;
				CLANG_WARN_BLOCK_CAPTURE_AUTORELEASING = YES;
				CLANG_WARN_BOOL_CONVERSION = YES;
				CLANG_WARN_COMMA = YES;
				CLANG_WARN_CONSTANT_CONVERSION = YES;
				CLANG_WARN_DEPRECATED_OBJC_IMPLEMENTATIONS = YES;
				CLANG_WARN_DIRECT_OBJC_ISA_USAGE = YES_ERROR;
				CLANG_WARN_DOCUMENTATION_COMMENTS = YES;
				CLANG_WARN_EMPTY_BODY = YES;
				CLANG_WARN_ENUM_CONVERSION = YES;
				CLANG_WARN_INFINITE_RECURSION = YES;
				CLANG_WARN_INT_CONVERSION = YES;
				CLANG_WARN_NON_LITERAL_NULL_CONVERSION = YES;
				CLANG_WARN_OBJC_IMPLICIT_RETAIN_SELF = YES;
				CLANG_WARN_OBJC_LITERAL_CONVERSION = YES;
				CLANG_WARN_OBJC_ROOT_CLASS = YES_ERROR;
				CLANG_WARN_QUOTED_INCLUDE_IN_FRAMEWORK_HEADER = YES;
				CLANG_WARN_RANGE_LOOP_ANALYSIS = YES;
				CLANG_WARN_STRICT_PROTOTYPES = YES;
				CLANG_WARN_SUSPICIOUS_MOVE = YES;
				CLANG_WARN_UNGUARDED_AVAILABILITY = YES_AGGRESSIVE;
				CLANG_WARN_UNREACHABLE_CODE = YES;
				CLANG_WARN__DUPLICATE_METHOD_MATCH = YES;
				COPY_PHASE_STRIP = NO;
				DEBUG_INFORMATION_FORMAT = "dwarf-with-dsym";
				ENABLE_NS_ASSERTIONS = NO;
				ENABLE_STRICT_OBJC_MSGSEND = YES;
				ENABLE_USER_SCRIPT_SANDBOXING = YES;
				GCC_C_LANGUAGE_STANDARD = gnu17;
				GCC_NO_COMMON_BLOCKS = YES;
				GCC_WARN_64_TO_32_BIT_CONVERSION = YES;
				GCC_WARN_ABOUT_RETURN_TYPE = YES_ERROR;
				GCC_WARN_UNDECLARED_SELECTOR = YES;
				GCC_WARN_UNINITIALIZED_AUTOS = YES_AGGRESSIVE;
				GCC_WARN_UNUSED_FUNCTION = YES;
				GCC_WARN_UNUSED_VARIABLE = YES;
				IPHONEOS_DEPLOYMENT_TARGET = 17.2;
				LOCALIZATION_PREFERS_STRING_CATALOGS = YES;
				MTL_ENABLE_DEBUG_INFO = NO;
				MTL_FAST_MATH = YES;
				SDKROOT = iphoneos;
				SWIFT_COMPILATION_MODE = wholemodule;
				VALIDATE_PRODUCT = YES;
			};
			name = Release;
		};
		043902AD2CE717C500CED386 /* Debug */ = {
			isa = XCBuildConfiguration;
			buildSettings = {
				ASSETCATALOG_COMPILER_APPICON_NAME = AppIcon;
				ASSETCATALOG_COMPILER_GLOBAL_ACCENT_COLOR_NAME = AccentColor;
				CODE_SIGN_STYLE = Automatic;
				CURRENT_PROJECT_VERSION = 1;
				DEVELOPMENT_TEAM = PA86MS98Y9;
				GENERATE_INFOPLIST_FILE = YES;
				INFOPLIST_FILE = SPWeatherApp/Info.plist;
				INFOPLIST_KEY_UIApplicationSupportsIndirectInputEvents = YES;
				INFOPLIST_KEY_UILaunchStoryboardName = LaunchScreen;
				INFOPLIST_KEY_UIMainStoryboardFile = Main;
				INFOPLIST_KEY_UISupportedInterfaceOrientations_iPad = "UIInterfaceOrientationPortrait UIInterfaceOrientationPortraitUpsideDown UIInterfaceOrientationLandscapeLeft UIInterfaceOrientationLandscapeRight";
				INFOPLIST_KEY_UISupportedInterfaceOrientations_iPhone = "UIInterfaceOrientationPortrait UIInterfaceOrientationLandscapeLeft UIInterfaceOrientationLandscapeRight";
				LD_RUNPATH_SEARCH_PATHS = (
					"$(inherited)",
					"@executable_path/Frameworks",
				);
				MARKETING_VERSION = 1.0;
				PRODUCT_BUNDLE_IDENTIFIER = demo.suhas.SPWeatherApp;
				PRODUCT_NAME = "$(TARGET_NAME)";
				SWIFT_EMIT_LOC_STRINGS = YES;
				SWIFT_VERSION = 5.0;
				TARGETED_DEVICE_FAMILY = "1,2";
			};
			name = Debug;
		};
		043902AE2CE717C500CED386 /* Release */ = {
			isa = XCBuildConfiguration;
			buildSettings = {
				ASSETCATALOG_COMPILER_APPICON_NAME = AppIcon;
				ASSETCATALOG_COMPILER_GLOBAL_ACCENT_COLOR_NAME = AccentColor;
				CODE_SIGN_STYLE = Automatic;
				CURRENT_PROJECT_VERSION = 1;
				DEVELOPMENT_TEAM = PA86MS98Y9;
				GENERATE_INFOPLIST_FILE = YES;
				INFOPLIST_FILE = SPWeatherApp/Info.plist;
				INFOPLIST_KEY_UIApplicationSupportsIndirectInputEvents = YES;
				INFOPLIST_KEY_UILaunchStoryboardName = LaunchScreen;
				INFOPLIST_KEY_UIMainStoryboardFile = Main;
				INFOPLIST_KEY_UISupportedInterfaceOrientations_iPad = "UIInterfaceOrientationPortrait UIInterfaceOrientationPortraitUpsideDown UIInterfaceOrientationLandscapeLeft UIInterfaceOrientationLandscapeRight";
				INFOPLIST_KEY_UISupportedInterfaceOrientations_iPhone = "UIInterfaceOrientationPortrait UIInterfaceOrientationLandscapeLeft UIInterfaceOrientationLandscapeRight";
				LD_RUNPATH_SEARCH_PATHS = (
					"$(inherited)",
					"@executable_path/Frameworks",
				);
				MARKETING_VERSION = 1.0;
				PRODUCT_BUNDLE_IDENTIFIER = demo.suhas.SPWeatherApp;
				PRODUCT_NAME = "$(TARGET_NAME)";
				SWIFT_EMIT_LOC_STRINGS = YES;
				SWIFT_VERSION = 5.0;
				TARGETED_DEVICE_FAMILY = "1,2";
			};
			name = Release;
		};
		043902B02CE717C500CED386 /* Debug */ = {
			isa = XCBuildConfiguration;
			buildSettings = {
				ALWAYS_EMBED_SWIFT_STANDARD_LIBRARIES = YES;
				BUNDLE_LOADER = "$(TEST_HOST)";
				CODE_SIGN_STYLE = Automatic;
				CURRENT_PROJECT_VERSION = 1;
				DEVELOPMENT_TEAM = PA86MS98Y9;
				GENERATE_INFOPLIST_FILE = YES;
				IPHONEOS_DEPLOYMENT_TARGET = 17.2;
				MARKETING_VERSION = 1.0;
				PRODUCT_BUNDLE_IDENTIFIER = demo.suhas.SPWeatherAppTests;
				PRODUCT_NAME = "$(TARGET_NAME)";
				SWIFT_EMIT_LOC_STRINGS = NO;
				SWIFT_VERSION = 5.0;
				TARGETED_DEVICE_FAMILY = "1,2";
				TEST_HOST = "$(BUILT_PRODUCTS_DIR)/SPWeatherApp.app/$(BUNDLE_EXECUTABLE_FOLDER_PATH)/SPWeatherApp";
			};
			name = Debug;
		};
		043902B12CE717C500CED386 /* Release */ = {
			isa = XCBuildConfiguration;
			buildSettings = {
				ALWAYS_EMBED_SWIFT_STANDARD_LIBRARIES = YES;
				BUNDLE_LOADER = "$(TEST_HOST)";
				CODE_SIGN_STYLE = Automatic;
				CURRENT_PROJECT_VERSION = 1;
				DEVELOPMENT_TEAM = PA86MS98Y9;
				GENERATE_INFOPLIST_FILE = YES;
				IPHONEOS_DEPLOYMENT_TARGET = 17.2;
				MARKETING_VERSION = 1.0;
				PRODUCT_BUNDLE_IDENTIFIER = demo.suhas.SPWeatherAppTests;
				PRODUCT_NAME = "$(TARGET_NAME)";
				SWIFT_EMIT_LOC_STRINGS = NO;
				SWIFT_VERSION = 5.0;
				TARGETED_DEVICE_FAMILY = "1,2";
				TEST_HOST = "$(BUILT_PRODUCTS_DIR)/SPWeatherApp.app/$(BUNDLE_EXECUTABLE_FOLDER_PATH)/SPWeatherApp";
			};
			name = Release;
		};
		043902B32CE717C500CED386 /* Debug */ = {
			isa = XCBuildConfiguration;
			buildSettings = {
				ALWAYS_EMBED_SWIFT_STANDARD_LIBRARIES = YES;
				CODE_SIGN_STYLE = Automatic;
				CURRENT_PROJECT_VERSION = 1;
				DEVELOPMENT_TEAM = PA86MS98Y9;
				GENERATE_INFOPLIST_FILE = YES;
				MARKETING_VERSION = 1.0;
				PRODUCT_BUNDLE_IDENTIFIER = demo.suhas.SPWeatherAppUITests;
				PRODUCT_NAME = "$(TARGET_NAME)";
				SWIFT_EMIT_LOC_STRINGS = NO;
				SWIFT_VERSION = 5.0;
				TARGETED_DEVICE_FAMILY = "1,2";
				TEST_TARGET_NAME = SPWeatherApp;
			};
			name = Debug;
		};
		043902B42CE717C500CED386 /* Release */ = {
			isa = XCBuildConfiguration;
			buildSettings = {
				ALWAYS_EMBED_SWIFT_STANDARD_LIBRARIES = YES;
				CODE_SIGN_STYLE = Automatic;
				CURRENT_PROJECT_VERSION = 1;
				DEVELOPMENT_TEAM = PA86MS98Y9;
				GENERATE_INFOPLIST_FILE = YES;
				MARKETING_VERSION = 1.0;
				PRODUCT_BUNDLE_IDENTIFIER = demo.suhas.SPWeatherAppUITests;
				PRODUCT_NAME = "$(TARGET_NAME)";
				SWIFT_EMIT_LOC_STRINGS = NO;
				SWIFT_VERSION = 5.0;
				TARGETED_DEVICE_FAMILY = "1,2";
				TEST_TARGET_NAME = SPWeatherApp;
			};
			name = Release;
		};
/* End XCBuildConfiguration section */

/* Begin XCConfigurationList section */
		0439027D2CE717C100CED386 /* Build configuration list for PBXProject "SPWeatherApp" */ = {
			isa = XCConfigurationList;
			buildConfigurations = (
				043902AA2CE717C500CED386 /* Debug */,
				043902AB2CE717C500CED386 /* Release */,
			);
			defaultConfigurationIsVisible = 0;
			defaultConfigurationName = Release;
		};
		043902AC2CE717C500CED386 /* Build configuration list for PBXNativeTarget "SPWeatherApp" */ = {
			isa = XCConfigurationList;
			buildConfigurations = (
				043902AD2CE717C500CED386 /* Debug */,
				043902AE2CE717C500CED386 /* Release */,
			);
			defaultConfigurationIsVisible = 0;
			defaultConfigurationName = Release;
		};
		043902AF2CE717C500CED386 /* Build configuration list for PBXNativeTarget "SPWeatherAppTests" */ = {
			isa = XCConfigurationList;
			buildConfigurations = (
				043902B02CE717C500CED386 /* Debug */,
				043902B12CE717C500CED386 /* Release */,
			);
			defaultConfigurationIsVisible = 0;
			defaultConfigurationName = Release;
		};
		043902B22CE717C500CED386 /* Build configuration list for PBXNativeTarget "SPWeatherAppUITests" */ = {
			isa = XCConfigurationList;
			buildConfigurations = (
				043902B32CE717C500CED386 /* Debug */,
				043902B42CE717C500CED386 /* Release */,
			);
			defaultConfigurationIsVisible = 0;
			defaultConfigurationName = Release;
		};
/* End XCConfigurationList section */
	};
	rootObject = 0439027A2CE717C100CED386 /* Project object */;
}
